
Microsoft Visual Studio Solution File, Format Version 12.00
# Visual Studio 15
VisualStudioVersion = 15.0.28307.168
MinimumVisualStudioVersion = 10.0.40219.1
Project("{FAE04EC0-301F-11D3-BF4B-00C04F79EFBC}") = "DSTRAINING.WEB", "DSTRAINING.WEB\DSTRAINING.WEB.csproj", "{167CD45D-821C-4D16-945B-D434BCCDA372}"
EndProject
Project("{FAE04EC0-301F-11D3-BF4B-00C04F79EFBC}") = "DSTRAINING.API", "DSTRAINING.API\DSTRAINING.API.csproj", "{DCE3484E-6ADC-4558-86E1-416944DB752E}"
EndProject
Project("{FAE04EC0-301F-11D3-BF4B-00C04F79EFBC}") = "DSTRAINING.CORE", "DSTRAINING.CORE\DSTRAINING.CORE.csproj", "{51107C90-F666-4DA7-BCBC-871EBBC78FE4}"
EndProject
Global
	GlobalSection(SolutionConfigurationPlatforms) = preSolution
		Debug|Any CPU = Debug|Any CPU
		Release|Any CPU = Release|Any CPU
	EndGlobalSection
	GlobalSection(ProjectConfigurationPlatforms) = postSolution
		{167CD45D-821C-4D16-945B-D434BCCDA372}.Debug|Any CPU.ActiveCfg = Debug|Any CPU
		{167CD45D-821C-4D16-945B-D434BCCDA372}.Debug|Any CPU.Build.0 = Debug|Any CPU
		{167CD45D-821C-4D16-945B-D434BCCDA372}.Release|Any CPU.ActiveCfg = Release|Any CPU
		{167CD45D-821C-4D16-945B-D434BCCDA372}.Release|Any CPU.Build.0 = Release|Any CPU
		{DCE3484E-6ADC-4558-86E1-416944DB752E}.Debug|Any CPU.ActiveCfg = Debug|Any CPU
		{DCE3484E-6ADC-4558-86E1-416944DB752E}.Debug|Any CPU.Build.0 = Debug|Any CPU
		{DCE3484E-6ADC-4558-86E1-416944DB752E}.Release|Any CPU.ActiveCfg = Release|Any CPU
		{DCE3484E-6ADC-4558-86E1-416944DB752E}.Release|Any CPU.Build.0 = Release|Any CPU
		{51107C90-F666-4DA7-BCBC-871EBBC78FE4}.Debug|Any CPU.ActiveCfg = Debug|Any CPU
		{51107C90-F666-4DA7-BCBC-871EBBC78FE4}.Debug|Any CPU.Build.0 = Debug|Any CPU
		{51107C90-F666-4DA7-BCBC-871EBBC78FE4}.Release|Any CPU.ActiveCfg = Release|Any CPU
		{51107C90-F666-4DA7-BCBC-871EBBC78FE4}.Release|Any CPU.Build.0 = Release|Any CPU
	EndGlobalSection
	GlobalSection(SolutionProperties) = preSolution
		HideSolutionNode = FALSE
	EndGlobalSection
	GlobalSection(ExtensibilityGlobals) = postSolution
		SolutionGuid = {59640092-2C09-40E4-B396-1DFAE92CEAC2}
	EndGlobalSection
EndGlobal
